{
  "name": "kiwi-villa-website",
  "lockfileVersion": 3,
  "requires": true,
  "packages": {
    "": {
      "dependencies": {
        "iconify-icon": "^3.0.0"
      }
    },
    "node_modules/@iconify/types": {
      "version": "2.0.0",
      "resolved": "https://registry.npmjs.org/@iconify/types/-/types-2.0.0.tgz",
      "integrity": "sha512-+wluvCrRhXrhyOmRDJ3q8mux9JkKy5SJ/v8ol2tu4FVjyYvtEzkc/3pK15ET6RKg4b4w4BmTk1+gsCUhf21Ykg==",
      "license": "MIT"
    },
    "node_modules/iconify-icon": {
      "version": "3.0.0",
      "resolved": "https://registry.npmjs.org/iconify-icon/-/iconify-icon-3.0.0.tgz",
      "integrity": "sha512-yPcnpkn8HUEUckrxxJBOer3jbGv3bqozHsLMLBRxhk3As1X76BgV2mS2a1HTNOIagR8nUs30H3qAd9GLe8Mnlg==",
      "license": "MIT",
      "dependencies": {
        "@iconify/types": "^2.0.0"
      },
      "funding": {
        "url": "https://github.com/sponsors/cyberalien"
      }
    }
  }
}
